hash: 6b24152b320174dbfe1fd1b64adde54b27fb008794410614847efc3bd24756d3
updated: 2016-11-19T20:13:48.894948265+11:00
imports:
- name: github.com/cyphar/umoci
  version: 01d57a95195bde778ad2a37378eb3111ec44a923
  subpackages:
  - image/cas
  - image/generator
  - image/layer
  - pkg/idtools
  - system
  - third_party/symlink
  - third_party/user
- name: github.com/opencontainers/image-spec
  version: 6e820ec55259e89ccd7092f3131c63e8419a349b
  subpackages:
  - specs-go
  - specs-go/v1
- name: github.com/opencontainers/image-tools
  version: b08291497d7aef21c66790114fcc42549c91c6d6
  subpackages:
  - image
- name: github.com/opencontainers/runtime-spec
  version: 7dab1a245d3e13d0ad03b77409d0bf7e00a6ada4
  subpackages:
  - specs-go
- name: github.com/opencontainers/runtime-tools
  version: 476f1fb7af4102951375ab58fdeca2118cf6ab31
  subpackages:
  - generate
  - generate/seccomp
- name: github.com/Sirupsen/logrus
  version: d26492970760ca5d33129d2d799e34be5c4782eb
- name: github.com/syndtr/gocapability
  version: 2c00daeb6c3b45114c80ac44119e7b8801fdd852
  subpackages:
  - capability
- name: github.com/urfave/cli
  version: a14d7d367bc02b1f57d88de97926727f2d936387
- name: github.com/vbatts/go-mtree
  version: 13131d516bff732b0d7929330683beafa96cefd1
  subpackages:
  - xattr
- name: golang.org/x/crypto
  version: 9477e0b78b9ac3d0b03822fd95422e2fe07627cd
  subpackages:
  - ripemd160
- name: golang.org/x/net
  version: 4971afdc2f162e82d185353533d3cf16188a9f4e
  subpackages:
  - context
- name: golang.org/x/sys
  version: b699b7032584f0953262cb2788a0ca19bb494703
  subpackages:
  - unix
testImports: []
