hash: bdbcec43199669270dfb25d2c570b80c17d8b39b80b26e54e7bcda687f455c7d
updated: 2016-12-11T11:15:24.17157491+11:00
imports:
- name: github.com/cyphar/umoci
  version: 048be4f27d2ad547fff33072535fcefc265b170d
  subpackages:
  - image/cas
  - image/generator
  - image/layer
  - pkg/idtools
  - pkg/system
  - pkg/unpriv
  - third_party/symlink
  - third_party/user
- name: github.com/docker/go-units
  version: f2d77a61e3c169b43402a0a1e84f06daf29b8190
- name: github.com/opencontainers/image-spec
  version: 3b65d2823d053f93ec790e64416072d6019f30e5
  subpackages:
  - specs-go
  - specs-go/v1
- name: github.com/opencontainers/image-tools
  version: 421458f7e467ac86175408693a07da6d29817bf7
  subpackages:
  - image
- name: github.com/opencontainers/runtime-spec
  version: 7dab1a245d3e13d0ad03b77409d0bf7e00a6ada4
  subpackages:
  - specs-go
- name: github.com/opencontainers/runtime-tools
  version: 308b6d9b1b4a452d4ea9b0c7b5321bed22ffdff8
  subpackages:
  - generate
  - generate/seccomp
- name: github.com/pkg/errors
  version: 645ef00459ed84a119197bfb8d8205042c6df63d
- name: github.com/Sirupsen/logrus
  version: d26492970760ca5d33129d2d799e34be5c4782eb
- name: github.com/syndtr/gocapability
  version: 2c00daeb6c3b45114c80ac44119e7b8801fdd852
  subpackages:
  - capability
- name: github.com/urfave/cli
  version: a14d7d367bc02b1f57d88de97926727f2d936387
- name: github.com/vbatts/go-mtree
  version: 58660bbd836709f466b70e9ef8ed6d80b1d470ec
  subpackages:
  - cvis
  - xattr
- name: golang.org/x/crypto
  version: b07d8c96772f426812d3fc5530710ec1f3b205e7
  subpackages:
  - ripemd160
- name: golang.org/x/net
  version: b1a2d6e8c8b5fc8f601ead62536f02a8e1b6217d
  subpackages:
  - context
- name: golang.org/x/sys
  version: 478fcf54317e52ab69f40bb4c7a1520288d7f7ea
  subpackages:
  - unix
testImports: []
