hash: d295fd61f0440711cbf90ac430624f958e6dbc04b9b5d1ef236caf1bfa1718f8
updated: 2016-12-09T01:46:37.355574233+11:00
imports:
- name: github.com/cyphar/umoci
  version: 08a558668b16604ba97b7bf2aafacde4a6b68639
  subpackages:
  - image/cas
  - image/generator
  - image/layer
  - pkg/idtools
  - pkg/system
  - pkg/unpriv
  - third_party/symlink
  - third_party/user
- name: github.com/docker/go-units
  version: f2d77a61e3c169b43402a0a1e84f06daf29b8190
- name: github.com/opencontainers/image-spec
  version: 6e820ec55259e89ccd7092f3131c63e8419a349b
  subpackages:
  - specs-go
  - specs-go/v1
- name: github.com/opencontainers/image-tools
  version: 421458f7e467ac86175408693a07da6d29817bf7
  subpackages:
  - image
- name: github.com/opencontainers/runtime-spec
  version: 7dab1a245d3e13d0ad03b77409d0bf7e00a6ada4
  subpackages:
  - specs-go
- name: github.com/opencontainers/runtime-tools
  version: bd4a85de33e0de9f2e77bd9bb1789b3a68ea7add
  subpackages:
  - generate
  - generate/seccomp
- name: github.com/Sirupsen/logrus
  version: d26492970760ca5d33129d2d799e34be5c4782eb
- name: github.com/syndtr/gocapability
  version: 2c00daeb6c3b45114c80ac44119e7b8801fdd852
  subpackages:
  - capability
- name: github.com/urfave/cli
  version: a14d7d367bc02b1f57d88de97926727f2d936387
- name: github.com/vbatts/go-mtree
  version: 26ccc7a48c8daeb05d1352358bbcf4f27d8484ed
  subpackages:
  - cvis
  - xattr
- name: golang.org/x/crypto
  version: 95cb608f365d51e0e69abc646ec90c0e26fb427f
  subpackages:
  - ripemd160
- name: golang.org/x/net
  version: 944c58e9d57bcecf171fd4bea155269aa8a96805
  subpackages:
  - context
- name: golang.org/x/sys
  version: 478fcf54317e52ab69f40bb4c7a1520288d7f7ea
  subpackages:
  - unix
testImports: []
